
Microsoft Visual Studio Solution File, Format Version 12.00
# Visual Studio Version 17
VisualStudioVersion = 17.9.34701.34
MinimumVisualStudioVersion = 10.0.40219.1
Project("{FAE04EC0-301F-11D3-BF4B-00C04F79EFBC}") = "KanbanBoard", "KanbanBoard\KanbanBoard.csproj", "{1359B1AD-A4E7-476A-ABEF-85D3BF9952E2}"
EndProject
Global
	GlobalSection(SolutionConfigurationPlatforms) = preSolution
		Debug|Any CPU = Debug|Any CPU
		Release|Any CPU = Release|Any CPU
	EndGlobalSection
	GlobalSection(ProjectConfigurationPlatforms) = postSolution
		{1359B1AD-A4E7-476A-ABEF-85D3BF9952E2}.Debug|Any CPU.ActiveCfg = Debug|Any CPU
		{1359B1AD-A4E7-476A-ABEF-85D3BF9952E2}.Debug|Any CPU.Build.0 = Debug|Any CPU
		{1359B1AD-A4E7-476A-ABEF-85D3BF9952E2}.Release|Any CPU.ActiveCfg = Release|Any CPU
		{1359B1AD-A4E7-476A-ABEF-85D3BF9952E2}.Release|Any CPU.Build.0 = Release|Any CPU
	EndGlobalSection
	GlobalSection(SolutionProperties) = preSolution
		HideSolutionNode = FALSE
	EndGlobalSection
	GlobalSection(ExtensibilityGlobals) = postSolution
		SolutionGuid = {B00AD1C1-C1F8-4BAB-884A-6F2D44509CD4}
	EndGlobalSection
EndGlobal
